Microsoft Visual Studio Solution File, Format Version 12.00
# Visual Studio Version 17
VisualStudioVersion = 17.5.2.0
MinimumVisualStudioVersion = 10.0.40219.1
Project("{FAE04EC0-301F-11D3-BF4B-00C04F79EFBC}") = "Inedo.ProGet", "Inedo.ProGet\Inedo.ProGet.csproj", "{C3F17FE6-746E-27B2-AD05-80564DFC68DC}"
EndProject
Project("{FAE04EC0-301F-11D3-BF4B-00C04F79EFBC}") = "pgutil", "pgutil\pgutil.csproj", "{832F2FD0-2F37-6E67-54F8-66CD91174311}"
EndProject
Global
	GlobalSection(SolutionConfigurationPlatforms) = preSolution
		Debug|Any CPU = Debug|Any CPU
		Release|Any CPU = Release|Any CPU
	EndGlobalSection
	GlobalSection(ProjectConfigurationPlatforms) = postSolution
		{C3F17FE6-746E-27B2-AD05-80564DFC68DC}.Debug|Any CPU.ActiveCfg = Debug|Any CPU
		{C3F17FE6-746E-27B2-AD05-80564DFC68DC}.Debug|Any CPU.Build.0 = Debug|Any CPU
		{C3F17FE6-746E-27B2-AD05-80564DFC68DC}.Release|Any CPU.ActiveCfg = Release|Any CPU
		{C3F17FE6-746E-27B2-AD05-80564DFC68DC}.Release|Any CPU.Build.0 = Release|Any CPU
		{832F2FD0-2F37-6E67-54F8-66CD91174311}.Debug|Any CPU.ActiveCfg = Debug|Any CPU
		{832F2FD0-2F37-6E67-54F8-66CD91174311}.Debug|Any CPU.Build.0 = Debug|Any CPU
		{832F2FD0-2F37-6E67-54F8-66CD91174311}.Release|Any CPU.ActiveCfg = Release|Any CPU
		{832F2FD0-2F37-6E67-54F8-66CD91174311}.Release|Any CPU.Build.0 = Release|Any CPU
	EndGlobalSection
	GlobalSection(SolutionProperties) = preSolution
		HideSolutionNode = FALSE
	EndGlobalSection
	GlobalSection(ExtensibilityGlobals) = postSolution
		SolutionGuid = {31240A88-47E7-41F1-8C44-907E5F251DB1}
	EndGlobalSection
EndGlobal
