
Microsoft Visual Studio Solution File, Format Version 12.00
# Visual Studio Version 17
VisualStudioVersion = 17.9.34607.119
MinimumVisualStudioVersion = 10.0.40219.1
Project("{9A19103F-16F7-4668-BE54-9A1E7A4F7556}") = "pgutil", "pgutil\pgutil.csproj", "{9312D53C-0968-40AB-A7F4-6CA77B724DA0}"
EndProject
Project("{9A19103F-16F7-4668-BE54-9A1E7A4F7556}") = "ConsoleMan", "ConsoleMan\ConsoleMan.csproj", "{D84AAA08-FF28-4F31-8325-D1336F04AF9E}"
EndProject
Project("{FAE04EC0-301F-11D3-BF4B-00C04F79EFBC}") = "Inedo.ProGet", "Inedo.ProGet\Inedo.ProGet.csproj", "{7DD7BBD8-3A86-4450-9F26-3237800F49A6}"
EndProject
Global
	GlobalSection(SolutionConfigurationPlatforms) = preSolution
		Debug|Any CPU = Debug|Any CPU
		Release|Any CPU = Release|Any CPU
	EndGlobalSection
	GlobalSection(ProjectConfigurationPlatforms) = postSolution
		{9312D53C-0968-40AB-A7F4-6CA77B724DA0}.Debug|Any CPU.ActiveCfg = Debug|Any CPU
		{9312D53C-0968-40AB-A7F4-6CA77B724DA0}.Debug|Any CPU.Build.0 = Debug|Any CPU
		{9312D53C-0968-40AB-A7F4-6CA77B724DA0}.Release|Any CPU.ActiveCfg = Release|Any CPU
		{9312D53C-0968-40AB-A7F4-6CA77B724DA0}.Release|Any CPU.Build.0 = Release|Any CPU
		{D84AAA08-FF28-4F31-8325-D1336F04AF9E}.Debug|Any CPU.ActiveCfg = Debug|Any CPU
		{D84AAA08-FF28-4F31-8325-D1336F04AF9E}.Debug|Any CPU.Build.0 = Debug|Any CPU
		{D84AAA08-FF28-4F31-8325-D1336F04AF9E}.Release|Any CPU.ActiveCfg = Release|Any CPU
		{D84AAA08-FF28-4F31-8325-D1336F04AF9E}.Release|Any CPU.Build.0 = Release|Any CPU
		{7DD7BBD8-3A86-4450-9F26-3237800F49A6}.Debug|Any CPU.ActiveCfg = Debug|Any CPU
		{7DD7BBD8-3A86-4450-9F26-3237800F49A6}.Debug|Any CPU.Build.0 = Debug|Any CPU
		{7DD7BBD8-3A86-4450-9F26-3237800F49A6}.Release|Any CPU.ActiveCfg = Release|Any CPU
		{7DD7BBD8-3A86-4450-9F26-3237800F49A6}.Release|Any CPU.Build.0 = Release|Any CPU
	EndGlobalSection
	GlobalSection(SolutionProperties) = preSolution
		HideSolutionNode = FALSE
	EndGlobalSection
	GlobalSection(ExtensibilityGlobals) = postSolution
		SolutionGuid = {2E3746D1-1C47-4A18-863B-A187C33ACAB5}
	EndGlobalSection
EndGlobal
